
Microsoft Visual Studio Solution File, Format Version 12.00
# Visual Studio 15
VisualStudioVersion = 15.0.27703.2047
MinimumVisualStudioVersion = 10.0.40219.1
Project("{FAE04EC0-301F-11D3-BF4B-00C04F79EFBC}") = "JAMA.Android", "JAMA\JAMA.Android\JAMA.Android.csproj", "{77D89ABD-2982-4A27-98D3-17CC553CFC06}"
EndProject
Project("{FAE04EC0-301F-11D3-BF4B-00C04F79EFBC}") = "JAMA.iOS", "JAMA\JAMA.iOS\JAMA.iOS.csproj", "{BB79072E-6926-4742-9D18-AFDAA77CD84E}"
EndProject
Project("{FAE04EC0-301F-11D3-BF4B-00C04F79EFBC}") = "JAMA.UWP", "JAMA\JAMA.UWP\JAMA.UWP.csproj", "{593567F8-09B5-43D9-9ABD-980CBB09E297}"
EndProject
Project("{FAE04EC0-301F-11D3-BF4B-00C04F79EFBC}") = "JAMA", "JAMA\JAMA\JAMA.csproj", "{E304FAF4-F791-479D-965D-FC533AA73527}"
EndProject
Global
	GlobalSection(SolutionConfigurationPlatforms) = preSolution
		Ad-Hoc|Any CPU = Ad-Hoc|Any CPU
		Ad-Hoc|ARM = Ad-Hoc|ARM
		Ad-Hoc|iPhone = Ad-Hoc|iPhone
		Ad-Hoc|iPhoneSimulator = Ad-Hoc|iPhoneSimulator
		Ad-Hoc|x64 = Ad-Hoc|x64
		Ad-Hoc|x86 = Ad-Hoc|x86
		AppStore|Any CPU = AppStore|Any CPU
		AppStore|ARM = AppStore|ARM
		AppStore|iPhone = AppStore|iPhone
		AppStore|iPhoneSimulator = AppStore|iPhoneSimulator
		AppStore|x64 = AppStore|x64
		AppStore|x86 = AppStore|x86
		Debug|Any CPU = Debug|Any CPU
		Debug|ARM = Debug|ARM
		Debug|iPhone = Debug|iPhone
		Debug|iPhoneSimulator = Debug|iPhoneSimulator
		Debug|x64 = Debug|x64
		Debug|x86 = Debug|x86
		Release|Any CPU = Release|Any CPU
		Release|ARM = Release|ARM
		Release|iPhone = Release|iPhone
		Release|iPhoneSimulator = Release|iPhoneSimulator
		Release|x64 = Release|x64
		Release|x86 = Release|x86
	EndGlobalSection
	GlobalSection(ProjectConfigurationPlatforms) = postSolution
		{77D89ABD-2982-4A27-98D3-17CC553CFC06}.Ad-Hoc|Any CPU.ActiveCfg = Release|Any CPU
		{77D89ABD-2982-4A27-98D3-17CC553CFC06}.Ad-Hoc|Any CPU.Build.0 = Release|Any CPU
		{77D89ABD-2982-4A27-98D3-17CC553CFC06}.Ad-Hoc|Any CPU.Deploy.0 = Release|Any CPU
		{77D89ABD-2982-4A27-98D3-17CC553CFC06}.Ad-Hoc|ARM.ActiveCfg = Release|Any CPU
		{77D89ABD-2982-4A27-98D3-17CC553CFC06}.Ad-Hoc|ARM.Build.0 = Release|Any CPU
		{77D89ABD-2982-4A27-98D3-17CC553CFC06}.Ad-Hoc|ARM.Deploy.0 = Release|Any CPU
		{77D89ABD-2982-4A27-98D3-17CC553CFC06}.Ad-Hoc|iPhone.ActiveCfg = Release|Any CPU
		{77D89ABD-2982-4A27-98D3-17CC553CFC06}.Ad-Hoc|iPhone.Build.0 = Release|Any CPU
		{77D89ABD-2982-4A27-98D3-17CC553CFC06}.Ad-Hoc|iPhone.Deploy.0 = Release|Any CPU
		{77D89ABD-2982-4A27-98D3-17CC553CFC06}.Ad-Hoc|iPhoneSimulator.ActiveCfg = Release|Any CPU
		{77D89ABD-2982-4A27-98D3-17CC553CFC06}.Ad-Hoc|iPhoneSimulator.Build.0 = Release|Any CPU
		{77D89ABD-2982-4A27-98D3-17CC553CFC06}.Ad-Hoc|iPhoneSimulator.Deploy.0 = Release|Any CPU
		{77D89ABD-2982-4A27-98D3-17CC553CFC06}.Ad-Hoc|x64.ActiveCfg = Release|Any CPU
		{77D89ABD-2982-4A27-98D3-17CC553CFC06}.Ad-Hoc|x64.Build.0 = Release|Any CPU
		{77D89ABD-2982-4A27-98D3-17CC553CFC06}.Ad-Hoc|x64.Deploy.0 = Release|Any CPU
		{77D89ABD-2982-4A27-98D3-17CC553CFC06}.Ad-Hoc|x86.ActiveCfg = Release|Any CPU
		{77D89ABD-2982-4A27-98D3-17CC553CFC06}.Ad-Hoc|x86.Build.0 = Release|Any CPU
		{77D89ABD-2982-4A27-98D3-17CC553CFC06}.Ad-Hoc|x86.Deploy.0 = Release|Any CPU
		{77D89ABD-2982-4A27-98D3-17CC553CFC06}.AppStore|Any CPU.ActiveCfg = Release|Any CPU
		{77D89ABD-2982-4A27-98D3-17CC553CFC06}.AppStore|Any CPU.Build.0 = Release|Any CPU
		{77D89ABD-2982-4A27-98D3-17CC553CFC06}.AppStore|Any CPU.Deploy.0 = Release|Any CPU
		{77D89ABD-2982-4A27-98D3-17CC553CFC06}.AppStore|ARM.ActiveCfg = Release|Any CPU
		{77D89ABD-2982-4A27-98D3-17CC553CFC06}.AppStore|ARM.Build.0 = Release|Any CPU
		{77D89ABD-2982-4A27-98D3-17CC553CFC06}.AppStore|ARM.Deploy.0 = Release|Any CPU
		{77D89ABD-2982-4A27-98D3-17CC553CFC06}.AppStore|iPhone.ActiveCfg = Release|Any CPU
		{77D89ABD-2982-4A27-98D3-17CC553CFC06}.AppStore|iPhone.Build.0 = Release|Any CPU
		{77D89ABD-2982-4A27-98D3-17CC553CFC06}.AppStore|iPhone.Deploy.0 = Release|Any CPU
		{77D89ABD-2982-4A27-98D3-17CC553CFC06}.AppStore|iPhoneSimulator.ActiveCfg = Release|Any CPU
		{77D89ABD-2982-4A27-98D3-17CC553CFC06}.AppStore|iPhoneSimulator.Build.0 = Release|Any CPU
		{77D89ABD-2982-4A27-98D3-17CC553CFC06}.AppStore|iPhoneSimulator.Deploy.0 = Release|Any CPU
		{77D89ABD-2982-4A27-98D3-17CC553CFC06}.AppStore|x64.ActiveCfg = Release|Any CPU
		{77D89ABD-2982-4A27-98D3-17CC553CFC06}.AppStore|x64.Build.0 = Release|Any CPU
		{77D89ABD-2982-4A27-98D3-17CC553CFC06}.AppStore|x64.Deploy.0 = Release|Any CPU
		{77D89ABD-2982-4A27-98D3-17CC553CFC06}.AppStore|x86.ActiveCfg = Release|Any CPU
		{77D89ABD-2982-4A27-98D3-17CC553CFC06}.AppStore|x86.Build.0 = Release|Any CPU
		{77D89ABD-2982-4A27-98D3-17CC553CFC06}.AppStore|x86.Deploy.0 = Release|Any CPU
		{77D89ABD-2982-4A27-98D3-17CC553CFC06}.Debug|Any CPU.ActiveCfg = Debug|Any CPU
		{77D89ABD-2982-4A27-98D3-17CC553CFC06}.Debug|Any CPU.Build.0 = Debug|Any CPU
		{77D89ABD-2982-4A27-98D3-17CC553CFC06}.Debug|Any CPU.Deploy.0 = Debug|Any CPU
		{77D89ABD-2982-4A27-98D3-17CC553CFC06}.Debug|ARM.ActiveCfg = Debug|Any CPU
		{77D89ABD-2982-4A27-98D3-17CC553CFC06}.Debug|ARM.Build.0 = Debug|Any CPU
		{77D89ABD-2982-4A27-98D3-17CC553CFC06}.Debug|ARM.Deploy.0 = Debug|Any CPU
		{77D89ABD-2982-4A27-98D3-17CC553CFC06}.Debug|iPhone.ActiveCfg = Debug|Any CPU
		{77D89ABD-2982-4A27-98D3-17CC553CFC06}.Debug|iPhone.Build.0 = Debug|Any CPU
		{77D89ABD-2982-4A27-98D3-17CC553CFC06}.Debug|iPhone.Deploy.0 = Debug|Any CPU
		{77D89ABD-2982-4A27-98D3-17CC553CFC06}.Debug|iPhoneSimulator.ActiveCfg = Debug|Any CPU
		{77D89ABD-2982-4A27-98D3-17CC553CFC06}.Debug|iPhoneSimulator.Build.0 = Debug|Any CPU
		{77D89ABD-2982-4A27-98D3-17CC553CFC06}.Debug|iPhoneSimulator.Deploy.0 = Debug|Any CPU
		{77D89ABD-2982-4A27-98D3-17CC553CFC06}.Debug|x64.ActiveCfg = Debug|Any CPU
		{77D89ABD-2982-4A27-98D3-17CC553CFC06}.Debug|x64.Build.0 = Debug|Any CPU
		{77D89ABD-2982-4A27-98D3-17CC553CFC06}.Debug|x64.Deploy.0 = Debug|Any CPU
		{77D89ABD-2982-4A27-98D3-17CC553CFC06}.Debug|x86.ActiveCfg = Debug|Any CPU
		{77D89ABD-2982-4A27-98D3-17CC553CFC06}.Debug|x86.Build.0 = Debug|Any CPU
		{77D89ABD-2982-4A27-98D3-17CC553CFC06}.Debug|x86.Deploy.0 = Debug|Any CPU
		{77D89ABD-2982-4A27-98D3-17CC553CFC06}.Release|Any CPU.ActiveCfg = Release|Any CPU
		{77D89ABD-2982-4A27-98D3-17CC553CFC06}.Release|Any CPU.Build.0 = Release|Any CPU
		{77D89ABD-2982-4A27-98D3-17CC553CFC06}.Release|Any CPU.Deploy.0 = Release|Any CPU
		{77D89ABD-2982-4A27-98D3-17CC553CFC06}.Release|ARM.ActiveCfg = Release|Any CPU
		{77D89ABD-2982-4A27-98D3-17CC553CFC06}.Release|ARM.Build.0 = Release|Any CPU
		{77D89ABD-2982-4A27-98D3-17CC553CFC06}.Release|ARM.Deploy.0 = Release|Any CPU
		{77D89ABD-2982-4A27-98D3-17CC553CFC06}.Release|iPhone.ActiveCfg = Release|Any CPU
		{77D89ABD-2982-4A27-98D3-17CC553CFC06}.Release|iPhone.Build.0 = Release|Any CPU
		{77D89ABD-2982-4A27-98D3-17CC553CFC06}.Release|iPhone.Deploy.0 = Release|Any CPU
		{77D89ABD-2982-4A27-98D3-17CC553CFC06}.Release|iPhoneSimulator.ActiveCfg = Release|Any CPU
		{77D89ABD-2982-4A27-98D3-17CC553CFC06}.Release|iPhoneSimulator.Build.0 = Release|Any CPU
		{77D89ABD-2982-4A27-98D3-17CC553CFC06}.Release|iPhoneSimulator.Deploy.0 = Release|Any CPU
		{77D89ABD-2982-4A27-98D3-17CC553CFC06}.Release|x64.ActiveCfg = Release|Any CPU
		{77D89ABD-2982-4A27-98D3-17CC553CFC06}.Release|x64.Build.0 = Release|Any CPU
		{77D89ABD-2982-4A27-98D3-17CC553CFC06}.Release|x64.Deploy.0 = Release|Any CPU
		{77D89ABD-2982-4A27-98D3-17CC553CFC06}.Release|x86.ActiveCfg = Release|Any CPU
		{77D89ABD-2982-4A27-98D3-17CC553CFC06}.Release|x86.Build.0 = Release|Any CPU
		{77D89ABD-2982-4A27-98D3-17CC553CFC06}.Release|x86.Deploy.0 = Release|Any CPU
		{BB79072E-6926-4742-9D18-AFDAA77CD84E}.Ad-Hoc|Any CPU.ActiveCfg = Ad-Hoc|iPhone
		{BB79072E-6926-4742-9D18-AFDAA77CD84E}.Ad-Hoc|Any CPU.Build.0 = Ad-Hoc|iPhone
		{BB79072E-6926-4742-9D18-AFDAA77CD84E}.Ad-Hoc|Any CPU.Deploy.0 = Ad-Hoc|iPhone
		{BB79072E-6926-4742-9D18-AFDAA77CD84E}.Ad-Hoc|ARM.ActiveCfg = Ad-Hoc|iPhone
		{BB79072E-6926-4742-9D18-AFDAA77CD84E}.Ad-Hoc|ARM.Build.0 = Ad-Hoc|iPhone
		{BB79072E-6926-4742-9D18-AFDAA77CD84E}.Ad-Hoc|ARM.Deploy.0 = Ad-Hoc|iPhone
		{BB79072E-6926-4742-9D18-AFDAA77CD84E}.Ad-Hoc|iPhone.ActiveCfg = Ad-Hoc|iPhone
		{BB79072E-6926-4742-9D18-AFDAA77CD84E}.Ad-Hoc|iPhone.Build.0 = Ad-Hoc|iPhone
		{BB79072E-6926-4742-9D18-AFDAA77CD84E}.Ad-Hoc|iPhone.Deploy.0 = Ad-Hoc|iPhone
		{BB79072E-6926-4742-9D18-AFDAA77CD84E}.Ad-Hoc|iPhoneSimulator.ActiveCfg = Ad-Hoc|iPhoneSimulator
		{BB79072E-6926-4742-9D18-AFDAA77CD84E}.Ad-Hoc|iPhoneSimulator.Build.0 = Ad-Hoc|iPhoneSimulator
		{BB79072E-6926-4742-9D18-AFDAA77CD84E}.Ad-Hoc|iPhoneSimulator.Deploy.0 = Ad-Hoc|iPhoneSimulator
		{BB79072E-6926-4742-9D18-AFDAA77CD84E}.Ad-Hoc|x64.ActiveCfg = Ad-Hoc|iPhone
		{BB79072E-6926-4742-9D18-AFDAA77CD84E}.Ad-Hoc|x64.Build.0 = Ad-Hoc|iPhone
		{BB79072E-6926-4742-9D18-AFDAA77CD84E}.Ad-Hoc|x64.Deploy.0 = Ad-Hoc|iPhone
		{BB79072E-6926-4742-9D18-AFDAA77CD84E}.Ad-Hoc|x86.ActiveCfg = Ad-Hoc|iPhone
		{BB79072E-6926-4742-9D18-AFDAA77CD84E}.Ad-Hoc|x86.Build.0 = Ad-Hoc|iPhone
		{BB79072E-6926-4742-9D18-AFDAA77CD84E}.Ad-Hoc|x86.Deploy.0 = Ad-Hoc|iPhone
		{BB79072E-6926-4742-9D18-AFDAA77CD84E}.AppStore|Any CPU.ActiveCfg = AppStore|iPhone
		{BB79072E-6926-4742-9D18-AFDAA77CD84E}.AppStore|Any CPU.Build.0 = AppStore|iPhone
		{BB79072E-6926-4742-9D18-AFDAA77CD84E}.AppStore|Any CPU.Deploy.0 = AppStore|iPhone
		{BB79072E-6926-4742-9D18-AFDAA77CD84E}.AppStore|ARM.ActiveCfg = AppStore|iPhone
		{BB79072E-6926-4742-9D18-AFDAA77CD84E}.AppStore|ARM.Build.0 = AppStore|iPhone
		{BB79072E-6926-4742-9D18-AFDAA77CD84E}.AppStore|ARM.Deploy.0 = AppStore|iPhone
		{BB79072E-6926-4742-9D18-AFDAA77CD84E}.AppStore|iPhone.ActiveCfg = AppStore|iPhone
		{BB79072E-6926-4742-9D18-AFDAA77CD84E}.AppStore|iPhone.Build.0 = AppStore|iPhone
		{BB79072E-6926-4742-9D18-AFDAA77CD84E}.AppStore|iPhone.Deploy.0 = AppStore|iPhone
		{BB79072E-6926-4742-9D18-AFDAA77CD84E}.AppStore|iPhoneSimulator.ActiveCfg = AppStore|iPhoneSimulator
		{BB79072E-6926-4742-9D18-AFDAA77CD84E}.AppStore|iPhoneSimulator.Build.0 = AppStore|iPhoneSimulator
		{BB79072E-6926-4742-9D18-AFDAA77CD84E}.AppStore|iPhoneSimulator.Deploy.0 = AppStore|iPhoneSimulator
		{BB79072E-6926-4742-9D18-AFDAA77CD84E}.AppStore|x64.ActiveCfg = AppStore|iPhone
		{BB79072E-6926-4742-9D18-AFDAA77CD84E}.AppStore|x64.Build.0 = AppStore|iPhone
		{BB79072E-6926-4742-9D18-AFDAA77CD84E}.AppStore|x64.Deploy.0 = AppStore|iPhone
		{BB79072E-6926-4742-9D18-AFDAA77CD84E}.AppStore|x86.ActiveCfg = AppStore|iPhone
		{BB79072E-6926-4742-9D18-AFDAA77CD84E}.AppStore|x86.Build.0 = AppStore|iPhone
		{BB79072E-6926-4742-9D18-AFDAA77CD84E}.AppStore|x86.Deploy.0 = AppStore|iPhone
		{BB79072E-6926-4742-9D18-AFDAA77CD84E}.Debug|Any CPU.ActiveCfg = Debug|iPhoneSimulator
		{BB79072E-6926-4742-9D18-AFDAA77CD84E}.Debug|Any CPU.Build.0 = Debug|iPhoneSimulator
		{BB79072E-6926-4742-9D18-AFDAA77CD84E}.Debug|Any CPU.Deploy.0 = Debug|iPhoneSimulator
		{BB79072E-6926-4742-9D18-AFDAA77CD84E}.Debug|ARM.ActiveCfg = Debug|iPhone
		{BB79072E-6926-4742-9D18-AFDAA77CD84E}.Debug|ARM.Build.0 = Debug|iPhone
		{BB79072E-6926-4742-9D18-AFDAA77CD84E}.Debug|ARM.Deploy.0 = Debug|iPhone
		{BB79072E-6926-4742-9D18-AFDAA77CD84E}.Debug|iPhone.ActiveCfg = Debug|iPhone
		{BB79072E-6926-4742-9D18-AFDAA77CD84E}.Debug|iPhone.Build.0 = Debug|iPhone
		{BB79072E-6926-4742-9D18-AFDAA77CD84E}.Debug|iPhone.Deploy.0 = Debug|iPhone
		{BB79072E-6926-4742-9D18-AFDAA77CD84E}.Debug|iPhoneSimulator.ActiveCfg = Debug|iPhoneSimulator
		{BB79072E-6926-4742-9D18-AFDAA77CD84E}.Debug|iPhoneSimulator.Build.0 = Debug|iPhoneSimulator
		{BB79072E-6926-4742-9D18-AFDAA77CD84E}.Debug|iPhoneSimulator.Deploy.0 = Debug|iPhoneSimulator
		{BB79072E-6926-4742-9D18-AFDAA77CD84E}.Debug|x64.ActiveCfg = Debug|iPhone
		{BB79072E-6926-4742-9D18-AFDAA77CD84E}.Debug|x64.Build.0 = Debug|iPhone
		{BB79072E-6926-4742-9D18-AFDAA77CD84E}.Debug|x64.Deploy.0 = Debug|iPhone
		{BB79072E-6926-4742-9D18-AFDAA77CD84E}.Debug|x86.ActiveCfg = Debug|iPhone
		{BB79072E-6926-4742-9D18-AFDAA77CD84E}.Debug|x86.Build.0 = Debug|iPhone
		{BB79072E-6926-4742-9D18-AFDAA77CD84E}.Debug|x86.Deploy.0 = Debug|iPhone
		{BB79072E-6926-4742-9D18-AFDAA77CD84E}.Release|Any CPU.ActiveCfg = Release|iPhone
		{BB79072E-6926-4742-9D18-AFDAA77CD84E}.Release|Any CPU.Build.0 = Release|iPhone
		{BB79072E-6926-4742-9D18-AFDAA77CD84E}.Release|Any CPU.Deploy.0 = Release|iPhone
		{BB79072E-6926-4742-9D18-AFDAA77CD84E}.Release|ARM.ActiveCfg = Release|iPhone
		{BB79072E-6926-4742-9D18-AFDAA77CD84E}.Release|ARM.Build.0 = Release|iPhone
		{BB79072E-6926-4742-9D18-AFDAA77CD84E}.Release|ARM.Deploy.0 = Release|iPhone
		{BB79072E-6926-4742-9D18-AFDAA77CD84E}.Release|iPhone.ActiveCfg = Release|iPhone
		{BB79072E-6926-4742-9D18-AFDAA77CD84E}.Release|iPhone.Build.0 = Release|iPhone
		{BB79072E-6926-4742-9D18-AFDAA77CD84E}.Release|iPhone.Deploy.0 = Release|iPhone
		{BB79072E-6926-4742-9D18-AFDAA77CD84E}.Release|iPhoneSimulator.ActiveCfg = Release|iPhoneSimulator
		{BB79072E-6926-4742-9D18-AFDAA77CD84E}.Release|iPhoneSimulator.Build.0 = Release|iPhoneSimulator
		{BB79072E-6926-4742-9D18-AFDAA77CD84E}.Release|iPhoneSimulator.Deploy.0 = Release|iPhoneSimulator
		{BB79072E-6926-4742-9D18-AFDAA77CD84E}.Release|x64.ActiveCfg = Release|iPhone
		{BB79072E-6926-4742-9D18-AFDAA77CD84E}.Release|x64.Build.0 = Release|iPhone
		{BB79072E-6926-4742-9D18-AFDAA77CD84E}.Release|x64.Deploy.0 = Release|iPhone
		{BB79072E-6926-4742-9D18-AFDAA77CD84E}.Release|x86.ActiveCfg = Release|iPhone
		{BB79072E-6926-4742-9D18-AFDAA77CD84E}.Release|x86.Build.0 = Release|iPhone
		{BB79072E-6926-4742-9D18-AFDAA77CD84E}.Release|x86.Deploy.0 = Release|iPhone
		{593567F8-09B5-43D9-9ABD-980CBB09E297}.Ad-Hoc|Any CPU.ActiveCfg = Release|x86
		{593567F8-09B5-43D9-9ABD-980CBB09E297}.Ad-Hoc|Any CPU.Build.0 = Release|x86
		{593567F8-09B5-43D9-9ABD-980CBB09E297}.Ad-Hoc|Any CPU.Deploy.0 = Release|x86
		{593567F8-09B5-43D9-9ABD-980CBB09E297}.Ad-Hoc|ARM.ActiveCfg = Release|ARM
		{593567F8-09B5-43D9-9ABD-980CBB09E297}.Ad-Hoc|ARM.Build.0 = Release|ARM
		{593567F8-09B5-43D9-9ABD-980CBB09E297}.Ad-Hoc|ARM.Deploy.0 = Release|ARM
		{593567F8-09B5-43D9-9ABD-980CBB09E297}.Ad-Hoc|iPhone.ActiveCfg = Release|x86
		{593567F8-09B5-43D9-9ABD-980CBB09E297}.Ad-Hoc|iPhone.Build.0 = Release|x86
		{593567F8-09B5-43D9-9ABD-980CBB09E297}.Ad-Hoc|iPhone.Deploy.0 = Release|x86
		{593567F8-09B5-43D9-9ABD-980CBB09E297}.Ad-Hoc|iPhoneSimulator.ActiveCfg = Release|x86
		{593567F8-09B5-43D9-9ABD-980CBB09E297}.Ad-Hoc|iPhoneSimulator.Build.0 = Release|x86
		{593567F8-09B5-43D9-9ABD-980CBB09E297}.Ad-Hoc|iPhoneSimulator.Deploy.0 = Release|x86
		{593567F8-09B5-43D9-9ABD-980CBB09E297}.Ad-Hoc|x64.ActiveCfg = Release|x64
		{593567F8-09B5-43D9-9ABD-980CBB09E297}.Ad-Hoc|x64.Build.0 = Release|x64
		{593567F8-09B5-43D9-9ABD-980CBB09E297}.Ad-Hoc|x64.Deploy.0 = Release|x64
		{593567F8-09B5-43D9-9ABD-980CBB09E297}.Ad-Hoc|x86.ActiveCfg = Release|x86
		{593567F8-09B5-43D9-9ABD-980CBB09E297}.Ad-Hoc|x86.Build.0 = Release|x86
		{593567F8-09B5-43D9-9ABD-980CBB09E297}.Ad-Hoc|x86.Deploy.0 = Release|x86
		{593567F8-09B5-43D9-9ABD-980CBB09E297}.AppStore|Any CPU.ActiveCfg = Release|x86
		{593567F8-09B5-43D9-9ABD-980CBB09E297}.AppStore|Any CPU.Build.0 = Release|x86
		{593567F8-09B5-43D9-9ABD-980CBB09E297}.AppStore|Any CPU.Deploy.0 = Release|x86
		{593567F8-09B5-43D9-9ABD-980CBB09E297}.AppStore|ARM.ActiveCfg = Release|ARM
		{593567F8-09B5-43D9-9ABD-980CBB09E297}.AppStore|ARM.Build.0 = Release|ARM
		{593567F8-09B5-43D9-9ABD-980CBB09E297}.AppStore|ARM.Deploy.0 = Release|ARM
		{593567F8-09B5-43D9-9ABD-980CBB09E297}.AppStore|iPhone.ActiveCfg = Release|x86
		{593567F8-09B5-43D9-9ABD-980CBB09E297}.AppStore|iPhone.Build.0 = Release|x86
		{593567F8-09B5-43D9-9ABD-980CBB09E297}.AppStore|iPhone.Deploy.0 = Release|x86
		{593567F8-09B5-43D9-9ABD-980CBB09E297}.AppStore|iPhoneSimulator.ActiveCfg = Release|x86
		{593567F8-09B5-43D9-9ABD-980CBB09E297}.AppStore|iPhoneSimulator.Build.0 = Release|x86
		{593567F8-09B5-43D9-9ABD-980CBB09E297}.AppStore|iPhoneSimulator.Deploy.0 = Release|x86
		{593567F8-09B5-43D9-9ABD-980CBB09E297}.AppStore|x64.ActiveCfg = Release|x64
		{593567F8-09B5-43D9-9ABD-980CBB09E297}.AppStore|x64.Build.0 = Release|x64
		{593567F8-09B5-43D9-9ABD-980CBB09E297}.AppStore|x64.Deploy.0 = Release|x64
		{593567F8-09B5-43D9-9ABD-980CBB09E297}.AppStore|x86.ActiveCfg = Release|x86
		{593567F8-09B5-43D9-9ABD-980CBB09E297}.AppStore|x86.Build.0 = Release|x86
		{593567F8-09B5-43D9-9ABD-980CBB09E297}.AppStore|x86.Deploy.0 = Release|x86
		{593567F8-09B5-43D9-9ABD-980CBB09E297}.Debug|Any CPU.ActiveCfg = Debug|x86
		{593567F8-09B5-43D9-9ABD-980CBB09E297}.Debug|Any CPU.Build.0 = Debug|x86
		{593567F8-09B5-43D9-9ABD-980CBB09E297}.Debug|Any CPU.Deploy.0 = Debug|x86
		{593567F8-09B5-43D9-9ABD-980CBB09E297}.Debug|ARM.ActiveCfg = Debug|ARM
		{593567F8-09B5-43D9-9ABD-980CBB09E297}.Debug|ARM.Build.0 = Debug|ARM
		{593567F8-09B5-43D9-9ABD-980CBB09E297}.Debug|ARM.Deploy.0 = Debug|ARM
		{593567F8-09B5-43D9-9ABD-980CBB09E297}.Debug|iPhone.ActiveCfg = Debug|x86
		{593567F8-09B5-43D9-9ABD-980CBB09E297}.Debug|iPhone.Build.0 = Debug|x86
		{593567F8-09B5-43D9-9ABD-980CBB09E297}.Debug|iPhone.Deploy.0 = Debug|x86
		{593567F8-09B5-43D9-9ABD-980CBB09E297}.Debug|iPhoneSimulator.ActiveCfg = Debug|x86
		{593567F8-09B5-43D9-9ABD-980CBB09E297}.Debug|iPhoneSimulator.Build.0 = Debug|x86
		{593567F8-09B5-43D9-9ABD-980CBB09E297}.Debug|iPhoneSimulator.Deploy.0 = Debug|x86
		{593567F8-09B5-43D9-9ABD-980CBB09E297}.Debug|x64.ActiveCfg = Debug|x64
		{593567F8-09B5-43D9-9ABD-980CBB09E297}.Debug|x64.Build.0 = Debug|x64
		{593567F8-09B5-43D9-9ABD-980CBB09E297}.Debug|x64.Deploy.0 = Debug|x64
		{593567F8-09B5-43D9-9ABD-980CBB09E297}.Debug|x86.ActiveCfg = Debug|x86
		{593567F8-09B5-43D9-9ABD-980CBB09E297}.Debug|x86.Build.0 = Debug|x86
		{593567F8-09B5-43D9-9ABD-980CBB09E297}.Debug|x86.Deploy.0 = Debug|x86
		{593567F8-09B5-43D9-9ABD-980CBB09E297}.Release|Any CPU.ActiveCfg = Release|x86
		{593567F8-09B5-43D9-9ABD-980CBB09E297}.Release|Any CPU.Build.0 = Release|x86
		{593567F8-09B5-43D9-9ABD-980CBB09E297}.Release|Any CPU.Deploy.0 = Release|x86
		{593567F8-09B5-43D9-9ABD-980CBB09E297}.Release|ARM.ActiveCfg = Release|ARM
		{593567F8-09B5-43D9-9ABD-980CBB09E297}.Release|ARM.Build.0 = Release|ARM
		{593567F8-09B5-43D9-9ABD-980CBB09E297}.Release|ARM.Deploy.0 = Release|ARM
		{593567F8-09B5-43D9-9ABD-980CBB09E297}.Release|iPhone.ActiveCfg = Release|x86
		{593567F8-09B5-43D9-9ABD-980CBB09E297}.Release|iPhone.Build.0 = Release|x86
		{593567F8-09B5-43D9-9ABD-980CBB09E297}.Release|iPhone.Deploy.0 = Release|x86
		{593567F8-09B5-43D9-9ABD-980CBB09E297}.Release|iPhoneSimulator.ActiveCfg = Release|x86
		{593567F8-09B5-43D9-9ABD-980CBB09E297}.Release|iPhoneSimulator.Build.0 = Release|x86
		{593567F8-09B5-43D9-9ABD-980CBB09E297}.Release|iPhoneSimulator.Deploy.0 = Release|x86
		{593567F8-09B5-43D9-9ABD-980CBB09E297}.Release|x64.ActiveCfg = Release|x64
		{593567F8-09B5-43D9-9ABD-980CBB09E297}.Release|x64.Build.0 = Release|x64
		{593567F8-09B5-43D9-9ABD-980CBB09E297}.Release|x64.Deploy.0 = Release|x64
		{593567F8-09B5-43D9-9ABD-980CBB09E297}.Release|x86.ActiveCfg = Release|x86
		{593567F8-09B5-43D9-9ABD-980CBB09E297}.Release|x86.Build.0 = Release|x86
		{593567F8-09B5-43D9-9ABD-980CBB09E297}.Release|x86.Deploy.0 = Release|x86
		{E304FAF4-F791-479D-965D-FC533AA73527}.Ad-Hoc|Any CPU.ActiveCfg = Debug|Any CPU
		{E304FAF4-F791-479D-965D-FC533AA73527}.Ad-Hoc|Any CPU.Build.0 = Debug|Any CPU
		{E304FAF4-F791-479D-965D-FC533AA73527}.Ad-Hoc|Any CPU.Deploy.0 = Debug|Any CPU
		{E304FAF4-F791-479D-965D-FC533AA73527}.Ad-Hoc|ARM.ActiveCfg = Debug|Any CPU
		{E304FAF4-F791-479D-965D-FC533AA73527}.Ad-Hoc|ARM.Build.0 = Debug|Any CPU
		{E304FAF4-F791-479D-965D-FC533AA73527}.Ad-Hoc|ARM.Deploy.0 = Debug|Any CPU
		{E304FAF4-F791-479D-965D-FC533AA73527}.Ad-Hoc|iPhone.ActiveCfg = Debug|Any CPU
		{E304FAF4-F791-479D-965D-FC533AA73527}.Ad-Hoc|iPhone.Build.0 = Debug|Any CPU
		{E304FAF4-F791-479D-965D-FC533AA73527}.Ad-Hoc|iPhone.Deploy.0 = Debug|Any CPU
		{E304FAF4-F791-479D-965D-FC533AA73527}.Ad-Hoc|iPhoneSimulator.ActiveCfg = Debug|Any CPU
		{E304FAF4-F791-479D-965D-FC533AA73527}.Ad-Hoc|iPhoneSimulator.Build.0 = Debug|Any CPU
		{E304FAF4-F791-479D-965D-FC533AA73527}.Ad-Hoc|iPhoneSimulator.Deploy.0 = Debug|Any CPU
		{E304FAF4-F791-479D-965D-FC533AA73527}.Ad-Hoc|x64.ActiveCfg = Debug|Any CPU
		{E304FAF4-F791-479D-965D-FC533AA73527}.Ad-Hoc|x64.Build.0 = Debug|Any CPU
		{E304FAF4-F791-479D-965D-FC533AA73527}.Ad-Hoc|x64.Deploy.0 = Debug|Any CPU
		{E304FAF4-F791-479D-965D-FC533AA73527}.Ad-Hoc|x86.ActiveCfg = Debug|Any CPU
		{E304FAF4-F791-479D-965D-FC533AA73527}.Ad-Hoc|x86.Build.0 = Debug|Any CPU
		{E304FAF4-F791-479D-965D-FC533AA73527}.Ad-Hoc|x86.Deploy.0 = Debug|Any CPU
		{E304FAF4-F791-479D-965D-FC533AA73527}.AppStore|Any CPU.ActiveCfg = Debug|Any CPU
		{E304FAF4-F791-479D-965D-FC533AA73527}.AppStore|Any CPU.Build.0 = Debug|Any CPU
		{E304FAF4-F791-479D-965D-FC533AA73527}.AppStore|Any CPU.Deploy.0 = Debug|Any CPU
		{E304FAF4-F791-479D-965D-FC533AA73527}.AppStore|ARM.ActiveCfg = Debug|Any CPU
		{E304FAF4-F791-479D-965D-FC533AA73527}.AppStore|ARM.Build.0 = Debug|Any CPU
		{E304FAF4-F791-479D-965D-FC533AA73527}.AppStore|ARM.Deploy.0 = Debug|Any CPU
		{E304FAF4-F791-479D-965D-FC533AA73527}.AppStore|iPhone.ActiveCfg = Debug|Any CPU
		{E304FAF4-F791-479D-965D-FC533AA73527}.AppStore|iPhone.Build.0 = Debug|Any CPU
		{E304FAF4-F791-479D-965D-FC533AA73527}.AppStore|iPhone.Deploy.0 = Debug|Any CPU
		{E304FAF4-F791-479D-965D-FC533AA73527}.AppStore|iPhoneSimulator.ActiveCfg = Debug|Any CPU
		{E304FAF4-F791-479D-965D-FC533AA73527}.AppStore|iPhoneSimulator.Build.0 = Debug|Any CPU
		{E304FAF4-F791-479D-965D-FC533AA73527}.AppStore|iPhoneSimulator.Deploy.0 = Debug|Any CPU
		{E304FAF4-F791-479D-965D-FC533AA73527}.AppStore|x64.ActiveCfg = Debug|Any CPU
		{E304FAF4-F791-479D-965D-FC533AA73527}.AppStore|x64.Build.0 = Debug|Any CPU
		{E304FAF4-F791-479D-965D-FC533AA73527}.AppStore|x64.Deploy.0 = Debug|Any CPU
		{E304FAF4-F791-479D-965D-FC533AA73527}.AppStore|x86.ActiveCfg = Debug|Any CPU
		{E304FAF4-F791-479D-965D-FC533AA73527}.AppStore|x86.Build.0 = Debug|Any CPU
		{E304FAF4-F791-479D-965D-FC533AA73527}.AppStore|x86.Deploy.0 = Debug|Any CPU
		{E304FAF4-F791-479D-965D-FC533AA73527}.Debug|Any CPU.ActiveCfg = Debug|Any CPU
		{E304FAF4-F791-479D-965D-FC533AA73527}.Debug|Any CPU.Build.0 = Debug|Any CPU
		{E304FAF4-F791-479D-965D-FC533AA73527}.Debug|Any CPU.Deploy.0 = Debug|Any CPU
		{E304FAF4-F791-479D-965D-FC533AA73527}.Debug|ARM.ActiveCfg = Debug|Any CPU
		{E304FAF4-F791-479D-965D-FC533AA73527}.Debug|ARM.Build.0 = Debug|Any CPU
		{E304FAF4-F791-479D-965D-FC533AA73527}.Debug|ARM.Deploy.0 = Debug|Any CPU
		{E304FAF4-F791-479D-965D-FC533AA73527}.Debug|iPhone.ActiveCfg = Debug|Any CPU
		{E304FAF4-F791-479D-965D-FC533AA73527}.Debug|iPhone.Build.0 = Debug|Any CPU
		{E304FAF4-F791-479D-965D-FC533AA73527}.Debug|iPhone.Deploy.0 = Debug|Any CPU
		{E304FAF4-F791-479D-965D-FC533AA73527}.Debug|iPhoneSimulator.ActiveCfg = Debug|Any CPU
		{E304FAF4-F791-479D-965D-FC533AA73527}.Debug|iPhoneSimulator.Build.0 = Debug|Any CPU
		{E304FAF4-F791-479D-965D-FC533AA73527}.Debug|iPhoneSimulator.Deploy.0 = Debug|Any CPU
		{E304FAF4-F791-479D-965D-FC533AA73527}.Debug|x64.ActiveCfg = Debug|Any CPU
		{E304FAF4-F791-479D-965D-FC533AA73527}.Debug|x64.Build.0 = Debug|Any CPU
		{E304FAF4-F791-479D-965D-FC533AA73527}.Debug|x64.Deploy.0 = Debug|Any CPU
		{E304FAF4-F791-479D-965D-FC533AA73527}.Debug|x86.ActiveCfg = Debug|Any CPU
		{E304FAF4-F791-479D-965D-FC533AA73527}.Debug|x86.Build.0 = Debug|Any CPU
		{E304FAF4-F791-479D-965D-FC533AA73527}.Debug|x86.Deploy.0 = Debug|Any CPU
		{E304FAF4-F791-479D-965D-FC533AA73527}.Release|Any CPU.ActiveCfg = Release|Any CPU
		{E304FAF4-F791-479D-965D-FC533AA73527}.Release|Any CPU.Build.0 = Release|Any CPU
		{E304FAF4-F791-479D-965D-FC533AA73527}.Release|Any CPU.Deploy.0 = Release|Any CPU
		{E304FAF4-F791-479D-965D-FC533AA73527}.Release|ARM.ActiveCfg = Release|Any CPU
		{E304FAF4-F791-479D-965D-FC533AA73527}.Release|ARM.Build.0 = Release|Any CPU
		{E304FAF4-F791-479D-965D-FC533AA73527}.Release|ARM.Deploy.0 = Release|Any CPU
		{E304FAF4-F791-479D-965D-FC533AA73527}.Release|iPhone.ActiveCfg = Release|Any CPU
		{E304FAF4-F791-479D-965D-FC533AA73527}.Release|iPhone.Build.0 = Release|Any CPU
		{E304FAF4-F791-479D-965D-FC533AA73527}.Release|iPhone.Deploy.0 = Release|Any CPU
		{E304FAF4-F791-479D-965D-FC533AA73527}.Release|iPhoneSimulator.ActiveCfg = Release|Any CPU
		{E304FAF4-F791-479D-965D-FC533AA73527}.Release|iPhoneSimulator.Build.0 = Release|Any CPU
		{E304FAF4-F791-479D-965D-FC533AA73527}.Release|iPhoneSimulator.Deploy.0 = Release|Any CPU
		{E304FAF4-F791-479D-965D-FC533AA73527}.Release|x64.ActiveCfg = Release|Any CPU
		{E304FAF4-F791-479D-965D-FC533AA73527}.Release|x64.Build.0 = Release|Any CPU
		{E304FAF4-F791-479D-965D-FC533AA73527}.Release|x64.Deploy.0 = Release|Any CPU
		{E304FAF4-F791-479D-965D-FC533AA73527}.Release|x86.ActiveCfg = Release|Any CPU
		{E304FAF4-F791-479D-965D-FC533AA73527}.Release|x86.Build.0 = Release|Any CPU
		{E304FAF4-F791-479D-965D-FC533AA73527}.Release|x86.Deploy.0 = Release|Any CPU
	EndGlobalSection
	GlobalSection(SolutionProperties) = preSolution
		HideSolutionNode = FALSE
	EndGlobalSection
	GlobalSection(ExtensibilityGlobals) = postSolution
		SolutionGuid = {6687A223-7638-45E9-9E66-9B321354E0C2}
	EndGlobalSection
EndGlobal
